[[package]]
name = "beartype"
version = "0.11.0"
requires_python = ">=3.7.0"
summary = "Unbearably fast runtime type checking in pure Python."

[[package]]
name = "certifi"
version = "2022.9.24"
requires_python = ">=3.6"
summary = "Python package for providing Mozilla's CA Bundle."

[[package]]
name = "charset-normalizer"
version = "2.1.1"
requires_python = ">=3.6.0"
summary = "The Real First Universal Charset Detector. Open, modern and actively maintained alternative to Chardet."

[[package]]
name = "flet"
version = "0.2.0.dev875"
requires_python = ">=3.7"
summary = "Flet for Python - easily build interactive multi-platform apps in Python"
dependencies = [
    "beartype>=0.9.1",
    "oauthlib>=3.2.0",
    "repath>=0.9.0",
    "requests>=2.28.1",
    "typing-extensions; python_version < \"3.8\"",
    "watchdog>=2.1.9",
    "websocket-client>=1.2.1",
]

[[package]]
name = "idna"
version = "3.4"
requires_python = ">=3.5"
summary = "Internationalized Domain Names in Applications (IDNA)"

[[package]]
name = "oauthlib"
version = "3.2.2"
requires_python = ">=3.6"
summary = "A generic, spec-compliant, thorough implementation of the OAuth request-signing logic"

[[package]]
name = "repath"
version = "0.9.0"
summary = "Generate regular expressions form ExpressJS path patterns"
dependencies = [
    "six>=1.9.0",
]

[[package]]
name = "requests"
version = "2.28.1"
requires_python = ">=3.7, <4"
summary = "Python HTTP for Humans."
dependencies = [
    "certifi>=2017.4.17",
    "charset-normalizer<3,>=2",
    "idna<4,>=2.5",
    "urllib3<1.27,>=1.21.1",
]

[[package]]
name = "six"
version = "1.16.0"
requires_python = ">=2.7, !=3.0.*, !=3.1.*, !=3.2.*"
summary = "Python 2 and 3 compatibility utilities"

[[package]]
name = "typing-extensions"
version = "4.4.0"
requires_python = ">=3.7"
summary = "Backported and Experimental Type Hints for Python 3.7+"

[[package]]
name = "urllib3"
version = "1.26.13"
requires_python = ">=2.7, !=3.0.*, !=3.1.*, !=3.2.*, !=3.3.*, !=3.4.*, !=3.5.*"
summary = "HTTP library with thread-safe connection pooling, file post, and more."

[[package]]
name = "watchdog"
version = "2.1.9"
requires_python = ">=3.6"
summary = "Filesystem events monitoring"

[[package]]
name = "websocket-client"
version = "1.4.2"
requires_python = ">=3.7"
summary = "WebSocket client for Python with low level API options"

[metadata]
lock_version = "4.0"
content_hash = "sha256:b1343f2804ef0f13e648e89742d15df5f57ebaef8591c0b2314a77cb60deb746"

[metadata.files]
"beartype 0.11.0" = [
    {url = "https://files.pythonhosted.org/packages/b3/7c/0c6451ff5477cf6f3ac5101cafd084e43e3a29242d28f2056cad76ff03e9/beartype-0.11.0.tar.gz", hash = "sha256:3854b50eaaa98bb89490be57e73c69c777a0f304574e7043ac7da98ac6a735a6"},
    {url = "https://files.pythonhosted.org/packages/ca/e7/bd684b9b0d5f8db8bedb7e031940df872aa79b42825e26469bc36013536f/beartype-0.11.0-py3-none-any.whl", hash = "sha256:d1ed5f97edebe909385190fac95ef9af3daf233eb1a5cd08b88b0d8260708ad7"},
]
"certifi 2022.9.24" = [
    {url = "https://files.pythonhosted.org/packages/1d/38/fa96a426e0c0e68aabc68e896584b83ad1eec779265a028e156ce509630e/certifi-2022.9.24-py3-none-any.whl", hash = "sha256:90c1a32f1d68f940488354e36370f6cca89f0f106db09518524c88d6ed83f382"},
    {url = "https://files.pythonhosted.org/packages/cb/a4/7de7cd59e429bd0ee6521ba58a75adaec136d32f91a761b28a11d8088d44/certifi-2022.9.24.tar.gz", hash = "sha256:0d9c601124e5a6ba9712dbc60d9c53c21e34f5f641fe83002317394311bdce14"},
]
"charset-normalizer 2.1.1" = [
    {url = "https://files.pythonhosted.org/packages/a1/34/44964211e5410b051e4b8d2869c470ae8a68ae274953b1c7de6d98bbcf94/charset-normalizer-2.1.1.tar.gz", hash = "sha256:5a3d016c7c547f69d6f81fb0db9449ce888b418b5b9952cc5e6e66843e9dd845"},
    {url = "https://files.pythonhosted.org/packages/db/51/a507c856293ab05cdc1db77ff4bc1268ddd39f29e7dc4919aa497f0adbec/charset_normalizer-2.1.1-py3-none-any.whl", hash = "sha256:83e9a75d1911279afd89352c68b45348559d1fc0506b054b346651b5e7fee29f"},
]
"flet 0.2.0.dev875" = [
    {url = "https://files.pythonhosted.org/packages/07/ae/adc4a7e32e9842b37a5383f2371ad41cd34e2f52c3d3fb8cb3d521754be9/flet-0.2.0.dev875-py3-none-manylinux_2_17_armv7l.manylinux2014_armv7l.whl", hash = "sha256:6fe24984f8a22b6355c2563336756c605d7188e1f29a07cf6b0181b477123884"},
    {url = "https://files.pythonhosted.org/packages/09/13/73d770b05c6579e54bf239d3e9f2f9d5b3a88573437892da284db76cb05f/flet-0.2.0.dev875-py3-none-macosx_12_0_arm64.whl", hash = "sha256:9b5017ac77ea92b2bd812a0c101afd5648484a4e5bff3ca1a3a4c73726ee5904"},
    {url = "https://files.pythonhosted.org/packages/3c/c3/822f672d2f96ca7c5fbc325341158e359de16005befb14db80d077901049/flet-0.2.0.dev875-py3-none-win_amd64.whl", hash = "sha256:6b4c0890f0851077a5ab15c39c9cb910e8d2c3fd98d25031de66abf44bc9c4ee"},
    {url = "https://files.pythonhosted.org/packages/65/9d/ae4f938a8c1f77d0fabe225332e54b6e5b78cddc1df68413c6a0d6cd5a26/flet-0.2.0.dev875-py3-none-manylinux_2_17_aarch64.manylinux2014_aarch64.whl", hash = "sha256:6023de2b0f7059c930392c8f73310ec70ad6a0e8b55989249bd089a03fa2e9de"},
    {url = "https://files.pythonhosted.org/packages/6b/22/a538fe40e921ccea2dcda5d482957ab742aec8c75805d6ce9fef633b97be/flet-0.2.0.dev875-py3-none-any.whl", hash = "sha256:7b9df17c16e6d5fd03f084ba4ec6248638bc750bd92064ed2aa0bb7f4accb472"},
    {url = "https://files.pythonhosted.org/packages/6c/d3/eb48d0f3608ed93ccbfcc594db116dd27d8aafee2045d3ba5ce25d87c762/flet-0.2.0.dev875-py3-none-musllinux_1_2_x86_64.whl", hash = "sha256:e3e9b7afb6e80a05a5f2e12a846d36e845b7741ee2665d7e0199b1d06c3a5c4e"},
    {url = "https://files.pythonhosted.org/packages/71/4f/7ee2556aab6f36cf34c7e4598a536aa5a45eae277615bf19bc3d2c0e1dd2/flet-0.2.0.dev875-py3-none-macosx_10_14_x86_64.whl", hash = "sha256:6140acc202021c56a54e854f19e9d6bd16854e279cb4a492daea9605cb08dd73"},
    {url = "https://files.pythonhosted.org/packages/7f/33/55eb897bc4a465f040a6c5b17d101721c5bd21e07b3dfd7639bbd06a639b/flet-0.2.0.dev875.tar.gz", hash = "sha256:c3687818b185f3037f6f7c28133a05d6e372da5d7bd0224a500dd9111fdac5eb"},
    {url = "https://files.pythonhosted.org/packages/f0/57/15baf9ffc1609668ee330a776a48011e9fcb174f1211ca7bb20596fa67e4/flet-0.2.0.dev875-py3-none-win32.whl", hash = "sha256:8cfaa12d44ac0b5ff24624802f9aaac9c5b8c5a0ad87c16effb39ebcdbfefe83"},
    {url = "https://files.pythonhosted.org/packages/fc/85/532faee87ff56893a87e5dcf05c69deadbcbeb8eaf295ba4d3786592993c/flet-0.2.0.dev875-py3-none-manylinux_2_17_x86_64.manylinux2014_x86_64.whl", hash = "sha256:d8efa91f85cfbf51f6c1517c08176ae8f37daaa73d0eadc9a55478c64aaa3996"},
]
"idna 3.4" = [
    {url = "https://files.pythonhosted.org/packages/8b/e1/43beb3d38dba6cb420cefa297822eac205a277ab43e5ba5d5c46faf96438/idna-3.4.tar.gz", hash = "sha256:814f528e8dead7d329833b91c5faa87d60bf71824cd12a7530b5526063d02cb4"},
    {url = "https://files.pythonhosted.org/packages/fc/34/3030de6f1370931b9dbb4dad48f6ab1015ab1d32447850b9fc94e60097be/idna-3.4-py3-none-any.whl", hash = "sha256:90b77e79eaa3eba6de819a0c442c0b4ceefc341a7a2ab77d7562bf49f425c5c2"},
]
"oauthlib 3.2.2" = [
    {url = "https://files.pythonhosted.org/packages/6d/fa/fbf4001037904031639e6bfbfc02badfc7e12f137a8afa254df6c4c8a670/oauthlib-3.2.2.tar.gz", hash = "sha256:9859c40929662bec5d64f34d01c99e093149682a3f38915dc0655d5a633dd918"},
    {url = "https://files.pythonhosted.org/packages/7e/80/cab10959dc1faead58dc8384a781dfbf93cb4d33d50988f7a69f1b7c9bbe/oauthlib-3.2.2-py3-none-any.whl", hash = "sha256:8139f29aac13e25d502680e9e19963e83f16838d48a0d71c287fe40e7067fbca"},
]
"repath 0.9.0" = [
    {url = "https://files.pythonhosted.org/packages/65/e1/824989291d0f01886074fdf9504ba54598f5665bc4dd373b589b87e76608/repath-0.9.0.tar.gz", hash = "sha256:8292139bac6a0e43fd9d70605d4e8daeb25d46672e484ed31a24c7ce0aef0fb7"},
    {url = "https://files.pythonhosted.org/packages/87/ed/92e9b8a3ffc562f21df14ef2538f54e911df29730e1f0d79130a4edc86e7/repath-0.9.0-py3-none-any.whl", hash = "sha256:ee079d6c91faeb843274d22d8f786094ee01316ecfe293a1eb6546312bb6a318"},
]
"requests 2.28.1" = [
    {url = "https://files.pythonhosted.org/packages/a5/61/a867851fd5ab77277495a8709ddda0861b28163c4613b011bc00228cc724/requests-2.28.1.tar.gz", hash = "sha256:7c5599b102feddaa661c826c56ab4fee28bfd17f5abca1ebbe3e7f19d7c97983"},
    {url = "https://files.pythonhosted.org/packages/ca/91/6d9b8ccacd0412c08820f72cebaa4f0c0441b5cda699c90f618b6f8a1b42/requests-2.28.1-py3-none-any.whl", hash = "sha256:8fefa2a1a1365bf5520aac41836fbee479da67864514bdb821f31ce07ce65349"},
]
"six 1.16.0" = [
    {url = "https://files.pythonhosted.org/packages/71/39/171f1c67cd00715f190ba0b100d606d440a28c93c7714febeca8b79af85e/six-1.16.0.tar.gz", hash = "sha256:1e61c37477a1626458e36f7b1d82aa5c9b094fa4802892072e49de9c60c4c926"},
    {url = "https://files.pythonhosted.org/packages/d9/5a/e7c31adbe875f2abbb91bd84cf2dc52d792b5a01506781dbcf25c91daf11/six-1.16.0-py2.py3-none-any.whl", hash = "sha256:8abb2f1d86890a2dfb989f9a77cfcfd3e47c2a354b01111771326f8aa26e0254"},
]
"typing-extensions 4.4.0" = [
    {url = "https://files.pythonhosted.org/packages/0b/8e/f1a0a5a76cfef77e1eb6004cb49e5f8d72634da638420b9ea492ce8305e8/typing_extensions-4.4.0-py3-none-any.whl", hash = "sha256:16fa4864408f655d35ec496218b85f79b3437c829e93320c7c9215ccfd92489e"},
    {url = "https://files.pythonhosted.org/packages/e3/a7/8f4e456ef0adac43f452efc2d0e4b242ab831297f1bac60ac815d37eb9cf/typing_extensions-4.4.0.tar.gz", hash = "sha256:1511434bb92bf8dd198c12b1cc812e800d4181cfcb867674e0f8279cc93087aa"},
]
"urllib3 1.26.13" = [
    {url = "https://files.pythonhosted.org/packages/65/0c/cc6644eaa594585e5875f46f3c83ee8762b647b51fc5b0fb253a242df2dc/urllib3-1.26.13-py2.py3-none-any.whl", hash = "sha256:47cc05d99aaa09c9e72ed5809b60e7ba354e64b59c9c173ac3018642d8bb41fc"},
    {url = "https://files.pythonhosted.org/packages/c2/51/32da03cf19d17d46cce5c731967bf58de9bd71db3a379932f53b094deda4/urllib3-1.26.13.tar.gz", hash = "sha256:c083dd0dce68dbfbe1129d5271cb90f9447dea7d52097c6e0126120c521ddea8"},
]
"watchdog 2.1.9" = [
    {url = "https://files.pythonhosted.org/packages/19/6c/c28d25371653ea4cb13f7a7d578ca30828eebeab845aacb2dfae8f8be147/watchdog-2.1.9-cp37-cp37m-macosx_10_9_x86_64.whl", hash = "sha256:195fc70c6e41237362ba720e9aaf394f8178bfc7fa68207f112d108edef1af33"},
    {url = "https://files.pythonhosted.org/packages/1b/73/034d5eeed680829769485e1cccbd094991599801647954c0f7b91cff81e0/watchdog-2.1.9-cp39-cp39-macosx_10_9_universal2.whl", hash = "sha256:97f9752208f5154e9e7b76acc8c4f5a58801b338de2af14e7e181ee3b28a5d39"},
    {url = "https://files.pythonhosted.org/packages/42/f7/da8e889f8626786eac9454e8d2718fc79359ed517be20cdd50c647167d39/watchdog-2.1.9.tar.gz", hash = "sha256:43ce20ebb36a51f21fa376f76d1d4692452b2527ccd601950d69ed36b9e21609"},
    {url = "https://files.pythonhosted.org/packages/53/e0/4427a6c25d3a399bf30b9ab7a8d9aa438df4c460f5a094413c2dbd9ddb89/watchdog-2.1.9-py3-none-manylinux2014_i686.whl", hash = "sha256:d3dda00aca282b26194bdd0adec21e4c21e916956d972369359ba63ade616153"},
    {url = "https://files.pythonhosted.org/packages/61/3f/a2fc9452b8161862a78674fda583d8e1addbbecf57a1e172b4a7a96e8087/watchdog-2.1.9-py3-none-win_amd64.whl", hash = "sha256:7a833211f49143c3d336729b0020ffd1274078e94b0ae42e22f596999f50279c"},
    {url = "https://files.pythonhosted.org/packages/6c/d3/e50abc33eff9cb1ee7ce6e7a9ce877c5c7a59f36171f20976b07a7036b85/watchdog-2.1.9-cp38-cp38-macosx_10_9_x86_64.whl", hash = "sha256:8250546a98388cbc00c3ee3cc5cf96799b5a595270dfcfa855491a64b86ef8c3"},
    {url = "https://files.pythonhosted.org/packages/72/68/7da5b686038f00feadd411187b8ab17ea71c392bc400a4232502d9d341e9/watchdog-2.1.9-cp310-cp310-macosx_11_0_arm64.whl", hash = "sha256:ee3e38a6cc050a8830089f79cbec8a3878ec2fe5160cdb2dc8ccb6def8552658"},
    {url = "https://files.pythonhosted.org/packages/78/10/31420ab66c13fc3de8f7f1d0e0e7736715a09242f280c66bf994f1fd1ed2/watchdog-2.1.9-py3-none-manylinux2014_s390x.whl", hash = "sha256:b530ae007a5f5d50b7fbba96634c7ee21abec70dc3e7f0233339c81943848dc1"},
    {url = "https://files.pythonhosted.org/packages/7e/72/d042345ee9c36edb4fb92a8d1760b114729f9c86c704c7cf513b9e1269d8/watchdog-2.1.9-cp310-cp310-macosx_10_9_universal2.whl", hash = "sha256:a735a990a1095f75ca4f36ea2ef2752c99e6ee997c46b0de507ba40a09bf7330"},
    {url = "https://files.pythonhosted.org/packages/83/36/782ce92660031999f5c4dea12fa4ead53006f6569d00b253c38eb06742e3/watchdog-2.1.9-cp39-cp39-macosx_11_0_arm64.whl", hash = "sha256:226b3c6c468ce72051a4c15a4cc2ef317c32590d82ba0b330403cafd98a62cfd"},
    {url = "https://files.pythonhosted.org/packages/88/1d/3f98cb264a3ec592a170e381acb27eeea5ad9c1dd0d881a3f853be27bd40/watchdog-2.1.9-py3-none-manylinux2014_ppc64le.whl", hash = "sha256:083171652584e1b8829581f965b9b7723ca5f9a2cd7e20271edf264cfd7c1412"},
    {url = "https://files.pythonhosted.org/packages/90/4c/225293bbb2249948950f95d168a776d3e0b6e9587c5906ae6d40d2b0df98/watchdog-2.1.9-cp36-cp36m-macosx_10_9_x86_64.whl", hash = "sha256:64a27aed691408a6abd83394b38503e8176f69031ca25d64131d8d640a307591"},
    {url = "https://files.pythonhosted.org/packages/97/b3/bb38d1606b0e9a112afc6323d833cedd95610dcf913ace7f77c673a971f5/watchdog-2.1.9-py3-none-manylinux2014_aarch64.whl", hash = "sha256:9f05a5f7c12452f6a27203f76779ae3f46fa30f1dd833037ea8cbc2887c60213"},
    {url = "https://files.pythonhosted.org/packages/a1/ba/98ebdd44865c8dcb85d078e634f4f0b4ad1de021678f9707e1d04189b7a1/watchdog-2.1.9-cp310-cp310-macosx_10_9_x86_64.whl", hash = "sha256:6b17d302850c8d412784d9246cfe8d7e3af6bcd45f958abb2d08a6f8bedf695d"},
    {url = "https://files.pythonhosted.org/packages/b6/56/bc7f3d801a656d9b879cd5eec046cf3920494d650205ddc03fafc8268dcd/watchdog-2.1.9-cp38-cp38-macosx_10_9_universal2.whl", hash = "sha256:bfc4d351e6348d6ec51df007432e6fe80adb53fd41183716017026af03427846"},
    {url = "https://files.pythonhosted.org/packages/b8/11/62bfa298f40d93b9846df38281a01ddc61c3567423c14c0a8eda6bf149df/watchdog-2.1.9-py3-none-manylinux2014_ppc64.whl", hash = "sha256:186f6c55abc5e03872ae14c2f294a153ec7292f807af99f57611acc8caa75306"},
    {url = "https://files.pythonhosted.org/packages/be/0e/7a151119ae2f86e3d64dbe439c8ad266d0a82e6a8dbb31b3392c4415045b/watchdog-2.1.9-pp37-pypy37_pp73-macosx_10_9_x86_64.whl", hash = "sha256:d9820fe47c20c13e3c9dd544d3706a2a26c02b2b43c993b62fcd8011bcc0adb3"},
    {url = "https://files.pythonhosted.org/packages/c2/83/a0f418e4106dc8f9bcb0eeb31d0a929607ae7274bc88d7ebf76767229a73/watchdog-2.1.9-py3-none-manylinux2014_armv7l.whl", hash = "sha256:255bb5758f7e89b1a13c05a5bceccec2219f8995a3a4c4d6968fe1de6a3b2892"},
    {url = "https://files.pythonhosted.org/packages/d5/5f/3a81d3cf23731f643f494a0a61d0b8392964bc6c3a8be9e7fb83dd727916/watchdog-2.1.9-cp39-cp39-macosx_10_9_x86_64.whl", hash = "sha256:247dcf1df956daa24828bfea5a138d0e7a7c98b1a47cf1fa5b0c3c16241fcbb7"},
    {url = "https://files.pythonhosted.org/packages/d7/87/e413b50aafb605eb8de68d8def72077e10842ad937d051976f0d01174305/watchdog-2.1.9-pp38-pypy38_pp73-macosx_10_9_x86_64.whl", hash = "sha256:70af927aa1613ded6a68089a9262a009fbdf819f46d09c1a908d4b36e1ba2b2d"},
    {url = "https://files.pythonhosted.org/packages/d7/bc/e3e53e86eac881c9b07508f91f13a7c34a20c043d31820b567da44aedfd4/watchdog-2.1.9-cp38-cp38-macosx_11_0_arm64.whl", hash = "sha256:117ffc6ec261639a0209a3252546b12800670d4bf5f84fbd355957a0595fe654"},
    {url = "https://files.pythonhosted.org/packages/dd/d2/3470040cbf4abb86c173f60fe73f4b568cc4d37ea3d60d51795dd631afbb/watchdog-2.1.9-py3-none-win32.whl", hash = "sha256:5952135968519e2447a01875a6f5fc8c03190b24d14ee52b0f4b1682259520b1"},
    {url = "https://files.pythonhosted.org/packages/eb/15/e1a0c11f137fe05f593288fe735f8cd28c9b2f398e0c08623977dce81921/watchdog-2.1.9-py3-none-win_ia64.whl", hash = "sha256:ad576a565260d8f99d97f2e64b0f97a48228317095908568a9d5c786c829d428"},
    {url = "https://files.pythonhosted.org/packages/f8/50/d5501772dfb710618540842bfd927ba8e643834129101db279b3b388f2cb/watchdog-2.1.9-pp39-pypy39_pp73-macosx_10_9_x86_64.whl", hash = "sha256:ed80a1628cee19f5cfc6bb74e173f1b4189eb532e705e2a13e3250312a62e0c9"},
    {url = "https://files.pythonhosted.org/packages/ff/e0/dad09238e32d161e332c2e94b367d2aaa5f2ffe3e240b49b70473979fd61/watchdog-2.1.9-py3-none-manylinux2014_x86_64.whl", hash = "sha256:4f4e1c4aa54fb86316a62a87b3378c025e228178d55481d30d857c6c438897d6"},
]
"websocket-client 1.4.2" = [
    {url = "https://files.pythonhosted.org/packages/75/af/1d13b93e7a21aca7f8ab8645fcfcfad21fc39716dc9dce5dc2a97f73ff78/websocket-client-1.4.2.tar.gz", hash = "sha256:d6e8f90ca8e2dd4e8027c4561adeb9456b54044312dba655e7cae652ceb9ae59"},
    {url = "https://files.pythonhosted.org/packages/78/d5/2b5719b738791cd798e8f097eba4bb093ff5efca5cef2f3d37a72daa111f/websocket_client-1.4.2-py3-none-any.whl", hash = "sha256:d6b06432f184438d99ac1f456eaf22fe1ade524c3dd16e661142dc54e9cba574"},
]
